{
  "nodes": {
    "easy-sync": {
      "inputs": {
        "nixpkgs": [
          "nixpkgs"
        ]
      },
      "locked": {
        "lastModified": 1728445684,
        "narHash": "sha256-MKBXIYLKvT1yi0L/VBhscfUM07esBTVxBAmk9XsJ+M8=",
        "owner": "luochen1990",
        "repo": "easy-sync",
        "rev": "fdf95ae7bc66c280d4b120976289437f22b3c4fc",
        "type": "github"
      },
      "original": {
        "owner": "luochen1990",
        "ref": "master",
        "repo": "easy-sync",
        "type": "github"
      }
    },
    "nixpkgs": {
      "locked": {
        "lastModified": 1728241625,
        "narHash": "sha256-yumd4fBc/hi8a9QgA9IT8vlQuLZ2oqhkJXHPKxH/tRw=",
        "owner": "nixos",
        "repo": "nixpkgs",
        "rev": "c31898adf5a8ed202ce5bea9f347b1c6871f32d1",
        "type": "github"
      },
      "original": {
        "id": "nixpkgs",
        "type": "indirect"
      }
    },
    "root": {
      "inputs": {
        "easy-sync": "easy-sync",
        "nixpkgs": "nixpkgs"
      }
    }
  },
  "root": "root",
  "version": 7
}
