{
  "nodes": {
    "easy-sync": {
      "inputs": {
        "nixpkgs": [
          "nixpkgs"
        ]
      },
      "locked": {
        "lastModified": 1728571466,
        "narHash": "sha256-WzKFf+EvfGA28mDpumiVoxqUzueUNZoRBNEkXetSgP4=",
        "owner": "luochen1990",
        "repo": "easy-sync",
        "rev": "62915d221c7ac5610fc8244c4bfd7fb553d7a587",
        "type": "github"
      },
      "original": {
        "owner": "luochen1990",
        "ref": "master",
        "repo": "easy-sync",
        "type": "github"
      }
    },
    "nixpkgs": {
      "locked": {
        "lastModified": 1770107345,
        "narHash": "sha256-tbS0Ebx2PiA1FRW8mt8oejR0qMXmziJmPaU1d4kYY9g=",
        "owner": "NixOS",
        "repo": "nixpkgs",
        "rev": "4533d9293756b63904b7238acb84ac8fe4c8c2c4",
        "type": "github"
      },
      "original": {
        "owner": "nixos",
        "ref": "nixpkgs-unstable",
        "repo": "nixpkgs",
        "type": "github"
      }
    },
    "root": {
      "inputs": {
        "easy-sync": "easy-sync",
        "nixpkgs": "nixpkgs"
      }
    }
  },
  "root": "root",
  "version": 7
}
