{
  "nodes": {
    "easy-sync": {
      "inputs": {
        "nixpkgs": [
          "nixpkgs"
        ]
      },
      "locked": {
        "lastModified": 1728571466,
        "narHash": "sha256-WzKFf+EvfGA28mDpumiVoxqUzueUNZoRBNEkXetSgP4=",
        "owner": "luochen1990",
        "repo": "easy-sync",
        "rev": "62915d221c7ac5610fc8244c4bfd7fb553d7a587",
        "type": "github"
      },
      "original": {
        "owner": "luochen1990",
        "ref": "master",
        "repo": "easy-sync",
        "type": "github"
      }
    },
    "nixpkgs": {
      "locked": {
        "lastModified": 1763966396,
        "narHash": "sha256-6eeL1YPcY1MV3DDStIDIdy/zZCDKgHdkCmsrLJFiZf0=",
        "owner": "NixOS",
        "repo": "nixpkgs",
        "rev": "5ae3b07d8d6527c42f17c876e404993199144b6a",
        "type": "github"
      },
      "original": {
        "owner": "nixos",
        "ref": "nixpkgs-unstable",
        "repo": "nixpkgs",
        "type": "github"
      }
    },
    "root": {
      "inputs": {
        "easy-sync": "easy-sync",
        "nixpkgs": "nixpkgs"
      }
    }
  },
  "root": "root",
  "version": 7
}
